
Microsoft Visual Studio Solution File, Format Version 12.00
Project("{FAE04EC0-301F-11D3-BF4B-00C04F79EFBC}") = "NVXTest.Api", "NVXTest.Api\NVXTest.Api.csproj", "{A0B19354-9A66-4E15-9B34-E41E93534CAA}"
EndProject
Project("{FAE04EC0-301F-11D3-BF4B-00C04F79EFBC}") = "NVXTest.Core", "NVXTest.Core\NVXTest.Core.csproj", "{8C456B7E-6292-494B-AE2D-60D1013A2384}"
EndProject
Project("{FAE04EC0-301F-11D3-BF4B-00C04F79EFBC}") = "NVXTest.ReverseAlgorithm", "NVXTest.ReverseAlgorithm\NVXTest.ReverseAlgorithm.csproj", "{A23E9274-4922-4D6E-A4BA-D0A3927F40BC}"
EndProject
Project("{FAE04EC0-301F-11D3-BF4B-00C04F79EFBC}") = "NVXTest.CyclicAlgorithm", "NVXTest.CyclicAlgorithm\NVXTest.CyclicAlgorithm.csproj", "{D6655401-A576-4D3A-B988-6065FB450FB5}"
EndProject
Global
	GlobalSection(SolutionConfigurationPlatforms) = preSolution
		Debug|Any CPU = Debug|Any CPU
		Release|Any CPU = Release|Any CPU
	EndGlobalSection
	GlobalSection(ProjectConfigurationPlatforms) = postSolution
		{A0B19354-9A66-4E15-9B34-E41E93534CAA}.Debug|Any CPU.ActiveCfg = Debug|Any CPU
		{A0B19354-9A66-4E15-9B34-E41E93534CAA}.Debug|Any CPU.Build.0 = Debug|Any CPU
		{A0B19354-9A66-4E15-9B34-E41E93534CAA}.Release|Any CPU.ActiveCfg = Release|Any CPU
		{A0B19354-9A66-4E15-9B34-E41E93534CAA}.Release|Any CPU.Build.0 = Release|Any CPU
		{8C456B7E-6292-494B-AE2D-60D1013A2384}.Debug|Any CPU.ActiveCfg = Debug|Any CPU
		{8C456B7E-6292-494B-AE2D-60D1013A2384}.Debug|Any CPU.Build.0 = Debug|Any CPU
		{8C456B7E-6292-494B-AE2D-60D1013A2384}.Release|Any CPU.ActiveCfg = Release|Any CPU
		{8C456B7E-6292-494B-AE2D-60D1013A2384}.Release|Any CPU.Build.0 = Release|Any CPU
		{A23E9274-4922-4D6E-A4BA-D0A3927F40BC}.Debug|Any CPU.ActiveCfg = Debug|Any CPU
		{A23E9274-4922-4D6E-A4BA-D0A3927F40BC}.Debug|Any CPU.Build.0 = Debug|Any CPU
		{A23E9274-4922-4D6E-A4BA-D0A3927F40BC}.Release|Any CPU.ActiveCfg = Release|Any CPU
		{A23E9274-4922-4D6E-A4BA-D0A3927F40BC}.Release|Any CPU.Build.0 = Release|Any CPU
		{D6655401-A576-4D3A-B988-6065FB450FB5}.Debug|Any CPU.ActiveCfg = Debug|Any CPU
		{D6655401-A576-4D3A-B988-6065FB450FB5}.Debug|Any CPU.Build.0 = Debug|Any CPU
		{D6655401-A576-4D3A-B988-6065FB450FB5}.Release|Any CPU.ActiveCfg = Release|Any CPU
		{D6655401-A576-4D3A-B988-6065FB450FB5}.Release|Any CPU.Build.0 = Release|Any CPU
	EndGlobalSection
EndGlobal
